// !$*UTF8*$!
{
	archiveVersion = 1;
	classes = {
	};
	objectVersion = 46;
	objects = {

/* Begin PBXBuildFile section */
		83444306185B29B000C66776 /* Foundation.framework in Frameworks */ = {isa = PBXBuildFile; fileRef = 83444305185B29B000C66776 /* Foundation.framework */; };
		83444334185B33D000C66776 /* SKQueues.m in Sources */ = {isa = PBXBuildFile; fileRef = 83444333185B33D000C66776 /* SKQueues.m */; };
/* End PBXBuildFile section */

/* Begin PBXCopyFilesBuildPhase section */
		83444300185B29B000C66776 /* CopyFiles */ = {
			isa = PBXCopyFilesBuildPhase;
			buildActionMask = 2147483647;
			dstPath = "include/$(PRODUCT_NAME)";
			dstSubfolderSpec = 16;
			files = (
			);
			runOnlyForDeploymentPostprocessing = 0;
		};
/* End PBXCopyFilesBuildPhase section */

/* Begin PBXFileReference section */
		83444302185B29B000C66776 /* libSKCommons.a */ = {isa = PBXFileReference; explicitFileType = archive.ar; includeInIndex = 0; path = libSKCommons.a; sourceTree = BUILT_PRODUCTS_DIR; };
		83444305185B29B000C66776 /* Foundation.framework */ = {isa = PBXFileReference; lastKnownFileType = wrapper.framework; name = Foundation.framework; path = System/Library/Frameworks/Foundation.framework; sourceTree = SDKROOT; };
		83444309185B29B000C66776 /* SKCommons-Prefix.pch */ = {isa = PBXFileReference; lastKnownFileType = sourcecode.c.h; path = "SKCommons-Prefix.pch"; sourceTree = "<group>"; };
		83444316185B29B000C66776 /* UIKit.framework */ = {isa = PBXFileReference; lastKnownFileType = wrapper.framework; name = UIKit.framework; path = Library/Frameworks/UIKit.framework; sourceTree = DEVELOPER_DIR; };
		83444332185B33D000C66776 /* SKQueues.h */ = {isa = PBXFileReference; fileEncoding = 4; lastKnownFileType = sourcecode.c.h; name = SKQueues.h; path = Classes/SKQueues.h; sourceTree = SOURCE_ROOT; };
		83444333185B33D000C66776 /* SKQueues.m */ = {isa = PBXFileReference; fileEncoding = 4; lastKnownFileType = sourcecode.c.objc; name = SKQueues.m; path = Classes/SKQueues.m; sourceTree = SOURCE_ROOT; };
/* End PBXFileReference section */

/* Begin PBXFrameworksBuildPhase section */
		834442FF185B29B000C66776 /* Frameworks */ = {
			isa = PBXFrameworksBuildPhase;
			buildActionMask = 2147483647;
			files = (
				83444306185B29B000C66776 /* Foundation.framework in Frameworks */,
			);
			runOnlyForDeploymentPostprocessing = 0;
		};
/* End PBXFrameworksBuildPhase section */

/* Begin PBXGroup section */
		834442F9185B29B000C66776 = {
			isa = PBXGroup;
			children = (
				83444307185B29B000C66776 /* SKCommons */,
				83444304185B29B000C66776 /* Frameworks */,
				83444303185B29B000C66776 /* Products */,
			);
			sourceTree = "<group>";
		};
		83444303185B29B000C66776 /* Products */ = {
			isa = PBXGroup;
			children = (
				83444302185B29B000C66776 /* libSKCommons.a */,
			);
			name = Products;
			sourceTree = "<group>";
		};
		83444304185B29B000C66776 /* Frameworks */ = {
			isa = PBXGroup;
			children = (
				83444305185B29B000C66776 /* Foundation.framework */,
				83444316185B29B000C66776 /* UIKit.framework */,
			);
			name = Frameworks;
			sourceTree = "<group>";
		};
		83444307185B29B000C66776 /* SKCommons */ = {
			isa = PBXGroup;
			children = (
				83444332185B33D000C66776 /* SKQueues.h */,
				83444333185B33D000C66776 /* SKQueues.m */,
				83444308185B29B000C66776 /* Supporting Files */,
			);
			path = SKCommons;
			sourceTree = "<group>";
		};
		83444308185B29B000C66776 /* Supporting Files */ = {
			isa = PBXGroup;
			children = (
				83444309185B29B000C66776 /* SKCommons-Prefix.pch */,
			);
			name = "Supporting Files";
			sourceTree = "<group>";
		};
/* End PBXGroup section */

/* Begin PBXNativeTarget section */
		83444301185B29B000C66776 /* SKCommons */ = {
			isa = PBXNativeTarget;
			buildConfigurationList = 83444325185B29B000C66776 /* Build configuration list for PBXNativeTarget "SKCommons" */;
			buildPhases = (
				834442FE185B29B000C66776 /* Sources */,
				834442FF185B29B000C66776 /* Frameworks */,
				83444300185B29B000C66776 /* CopyFiles */,
			);
			buildRules = (
			);
			dependencies = (
			);
			name = SKCommons;
			productName = SKCommons;
			productReference = 83444302185B29B000C66776 /* libSKCommons.a */;
			productType = "com.apple.product-type.library.static";
		};
/* End PBXNativeTarget section */

/* Begin PBXProject section */
		834442FA185B29B000C66776 /* Project object */ = {
			isa = PBXProject;
			attributes = {
				LastUpgradeCheck = 0510;
			};
			buildConfigurationList = 834442FD185B29B000C66776 /* Build configuration list for PBXProject "SKCommons" */;
			compatibilityVersion = "Xcode 3.2";
			developmentRegion = English;
			hasScannedForEncodings = 0;
			knownRegions = (
				en,
			);
			mainGroup = 834442F9185B29B000C66776;
			productRefGroup = 83444303185B29B000C66776 /* Products */;
			projectDirPath = "";
			projectRoot = "";
			targets = (
				83444301185B29B000C66776 /* SKCommons */,
			);
		};
/* End PBXProject section */

/* Begin PBXSourcesBuildPhase section */
		834442FE185B29B000C66776 /* Sources */ = {
			isa = PBXSourcesBuildPhase;
			buildActionMask = 2147483647;
			files = (
				83444334185B33D000C66776 /* SKQueues.m in Sources */,
			);
			runOnlyForDeploymentPostprocessing = 0;
		};
/* End PBXSourcesBuildPhase section */

/* Begin XCBuildConfiguration section */
		83444323185B29B000C66776 /* Debug */ = {
			isa = XCBuildConfiguration;
			buildSettings = {
				ALWAYS_SEARCH_USER_PATHS = NO;
				ARCHS = "$(ARCHS_STANDARD_INCLUDING_64_BIT)";
				CLANG_CXX_LANGUAGE_STANDARD = "gnu++0x";
				CLANG_CXX_LIBRARY = "libc++";
				CLANG_ENABLE_MODULES = YES;
				CLANG_ENABLE_OBJC_ARC = YES;
				CLANG_WARN_BOOL_CONVERSION = YES;
				CLANG_WARN_CONSTANT_CONVERSION = YES;
				CLANG_WARN_DIRECT_OBJC_ISA_USAGE = YES_ERROR;
				CLANG_WARN_EMPTY_BODY = YES;
				CLANG_WARN_ENUM_CONVERSION = YES;
				CLANG_WARN_INT_CONVERSION = YES;
				CLANG_WARN_OBJC_ROOT_CLASS = YES_ERROR;
				CLANG_WARN__DUPLICATE_METHOD_MATCH = YES;
				COPY_PHASE_STRIP = NO;
				GCC_C_LANGUAGE_STANDARD = gnu99;
				GCC_DYNAMIC_NO_PIC = NO;
				GCC_OPTIMIZATION_LEVEL = 0;
				GCC_PREPROCESSOR_DEFINITIONS = (
					"DEBUG=1",
					"$(inherited)",
				);
				GCC_SYMBOLS_PRIVATE_EXTERN = NO;
				GCC_WARN_64_TO_32_BIT_CONVERSION = YES;
				GCC_WARN_ABOUT_RETURN_TYPE = YES_ERROR;
				GCC_WARN_UNDECLARED_SELECTOR = YES;
				GCC_WARN_UNINITIALIZED_AUTOS = YES_AGGRESSIVE;
				GCC_WARN_UNUSED_FUNCTION = YES;
				GCC_WARN_UNUSED_VARIABLE = YES;
				IPHONEOS_DEPLOYMENT_TARGET = 7.1;
				ONLY_ACTIVE_ARCH = YES;
				SDKROOT = iphoneos;
			};
			name = Debug;
		};
		83444324185B29B000C66776 /* Release */ = {
			isa = XCBuildConfiguration;
			buildSettings = {
				ALWAYS_SEARCH_USER_PATHS = NO;
				ARCHS = "$(ARCHS_STANDARD_INCLUDING_64_BIT)";
				CLANG_CXX_LANGUAGE_STANDARD = "gnu++0x";
				CLANG_CXX_LIBRARY = "libc++";
				CLANG_ENABLE_MODULES = YES;
				CLANG_ENABLE_OBJC_ARC = YES;
				CLANG_WARN_BOOL_CONVERSION = YES;
				CLANG_WARN_CONSTANT_CONVERSION = YES;
				CLANG_WARN_DIRECT_OBJC_ISA_USAGE = YES_ERROR;
				CLANG_WARN_EMPTY_BODY = YES;
				CLANG_WARN_ENUM_CONVERSION = YES;
				CLANG_WARN_INT_CONVERSION = YES;
				CLANG_WARN_OBJC_ROOT_CLASS = YES_ERROR;
				CLANG_WARN__DUPLICATE_METHOD_MATCH = YES;
				COPY_PHASE_STRIP = YES;
				ENABLE_NS_ASSERTIONS = NO;
				GCC_C_LANGUAGE_STANDARD = gnu99;
				GCC_WARN_64_TO_32_BIT_CONVERSION = YES;
				GCC_WARN_ABOUT_RETURN_TYPE = YES_ERROR;
				GCC_WARN_UNDECLARED_SELECTOR = YES;
				GCC_WARN_UNINITIALIZED_AUTOS = YES_AGGRESSIVE;
				GCC_WARN_UNUSED_FUNCTION = YES;
				GCC_WARN_UNUSED_VARIABLE = YES;
				IPHONEOS_DEPLOYMENT_TARGET = 7.1;
				SDKROOT = iphoneos;
				VALIDATE_PRODUCT = YES;
			};
			name = Release;
		};
		83444326185B29B000C66776 /* Debug */ = {
			isa = XCBuildConfiguration;
			buildSettings = {
				DSTROOT = /tmp/SKCommons.dst;
				GCC_PRECOMPILE_PREFIX_HEADER = YES;
				GCC_PREFIX_HEADER = "SKCommons-Prefix.pch";
				IPHONEOS_DEPLOYMENT_TARGET = 7.0;
				OTHER_LDFLAGS = "-ObjC";
				PRODUCT_NAME = "$(TARGET_NAME)";
				SKIP_INSTALL = YES;
			};
			name = Debug;
		};
		83444327185B29B000C66776 /* Release */ = {
			isa = XCBuildConfiguration;
			buildSettings = {
				DSTROOT = /tmp/SKCommons.dst;
				GCC_PRECOMPILE_PREFIX_HEADER = YES;
				GCC_PREFIX_HEADER = "SKCommons-Prefix.pch";
				IPHONEOS_DEPLOYMENT_TARGET = 7.0;
				OTHER_LDFLAGS = "-ObjC";
				PRODUCT_NAME = "$(TARGET_NAME)";
				SKIP_INSTALL = YES;
			};
			name = Release;
		};
/* End XCBuildConfiguration section */

/* Begin XCConfigurationList section */
		834442FD185B29B000C66776 /* Build configuration list for PBXProject "SKCommons" */ = {
			isa = XCConfigurationList;
			buildConfigurations = (
				83444323185B29B000C66776 /* Debug */,
				83444324185B29B000C66776 /* Release */,
			);
			defaultConfigurationIsVisible = 0;
			defaultConfigurationName = Release;
		};
		83444325185B29B000C66776 /* Build configuration list for PBXNativeTarget "SKCommons" */ = {
			isa = XCConfigurationList;
			buildConfigurations = (
				83444326185B29B000C66776 /* Debug */,
				83444327185B29B000C66776 /* Release */,
			);
			defaultConfigurationIsVisible = 0;
			defaultConfigurationName = Release;
		};
/* End XCConfigurationList section */
	};
	rootObject = 834442FA185B29B000C66776 /* Project object */;
}
